
Microsoft Visual Studio Solution File, Format Version 12.00
# Visual Studio 15
Project("{FAE04EC0-301F-11D3-BF4B-00C04F79EFBC}") = "Assembly-CSharp", "Assembly-CSharp.csproj", "{812D46B8-0997-7846-B357-74712CEA3383}"
EndProject
Global
	GlobalSection(SolutionConfigurationPlatforms) = preSolution
		Debug|Any CPU = Debug|Any CPU
		Release|Any CPU = Release|Any CPU
	EndGlobalSection
	GlobalSection(ProjectConfigurationPlatforms) = postSolution
		{812D46B8-0997-7846-B357-74712CEA3383}.Debug|Any CPU.ActiveCfg = Debug|Any CPU
		{812D46B8-0997-7846-B357-74712CEA3383}.Debug|Any CPU.Build.0 = Debug|Any CPU
		{812D46B8-0997-7846-B357-74712CEA3383}.Release|Any CPU.ActiveCfg = Release|Any CPU
		{812D46B8-0997-7846-B357-74712CEA3383}.Release|Any CPU.Build.0 = Release|Any CPU
	EndGlobalSection
	GlobalSection(SolutionProperties) = preSolution
		HideSolutionNode = FALSE
	EndGlobalSection
EndGlobal
